
Microsoft Visual Studio Solution File, Format Version 12.00
# Visual Studio 15
VisualStudioVersion = 15.0.28307.271
MinimumVisualStudioVersion = 10.0.40219.1
Project("{FAE04EC0-301F-11D3-BF4B-00C04F79EFBC}") = "LogicalEquiv.UI", "LogicalEquiv\LogicalEquiv.UI.csproj", "{EC526295-7B7C-4B84-AFC2-A7C0094E1564}"
EndProject
Project("{FAE04EC0-301F-11D3-BF4B-00C04F79EFBC}") = "LogicalEquiv.Domain", "LogicalEquiv.Domain\LogicalEquiv.Domain.csproj", "{B50987AB-0C08-4E26-B1FA-DA30A086D877}"
EndProject
Global
	GlobalSection(SolutionConfigurationPlatforms) = preSolution
		Debug|Any CPU = Debug|Any CPU
		Release|Any CPU = Release|Any CPU
	EndGlobalSection
	GlobalSection(ProjectConfigurationPlatforms) = postSolution
		{EC526295-7B7C-4B84-AFC2-A7C0094E1564}.Debug|Any CPU.ActiveCfg = Debug|Any CPU
		{EC526295-7B7C-4B84-AFC2-A7C0094E1564}.Debug|Any CPU.Build.0 = Debug|Any CPU
		{EC526295-7B7C-4B84-AFC2-A7C0094E1564}.Release|Any CPU.ActiveCfg = Release|Any CPU
		{EC526295-7B7C-4B84-AFC2-A7C0094E1564}.Release|Any CPU.Build.0 = Release|Any CPU
		{B50987AB-0C08-4E26-B1FA-DA30A086D877}.Debug|Any CPU.ActiveCfg = Debug|Any CPU
		{B50987AB-0C08-4E26-B1FA-DA30A086D877}.Debug|Any CPU.Build.0 = Debug|Any CPU
		{B50987AB-0C08-4E26-B1FA-DA30A086D877}.Release|Any CPU.ActiveCfg = Release|Any CPU
		{B50987AB-0C08-4E26-B1FA-DA30A086D877}.Release|Any CPU.Build.0 = Release|Any CPU
	EndGlobalSection
	GlobalSection(SolutionProperties) = preSolution
		HideSolutionNode = FALSE
	EndGlobalSection
	GlobalSection(ExtensibilityGlobals) = postSolution
		SolutionGuid = {4C524662-DE43-4F77-9D2C-A7D50103FD35}
	EndGlobalSection
EndGlobal
